Microsoft Visual Studio Solution File, Format Version 11.00
# Visual Studio 2008

Project("{8850D55C-5E43-F939-C101-4F827C03C488}") = "Frog Escape_Unity_05232014_3", "Assembly-CSharp-firstpass.csproj", "{B58BC7C6-964A-5D9A-903C-CD36EAA37D17}"
EndProject
Project("{8850D55C-5E43-F939-C101-4F827C03C488}") = "Frog Escape_Unity_05232014_3", "Assembly-CSharp.csproj", "{16B74C7F-CB33-CAE9-C24D-4693EA10E168}"
EndProject
Global
	GlobalSection(SolutionConfigurationPlatforms) = preSolution
		Debug|Any CPU = Debug|Any CPU
		Release|Any CPU = Release|Any CPU
	EndGlobalSection
	GlobalSection(ProjectConfigurationPlatforms) = postSolution
		{B58BC7C6-964A-5D9A-903C-CD36EAA37D17}.Debug|Any CPU.ActiveCfg = Debug|Any CPU
		{B58BC7C6-964A-5D9A-903C-CD36EAA37D17}.Debug|Any CPU.Build.0 = Debug|Any CPU
		{B58BC7C6-964A-5D9A-903C-CD36EAA37D17}.Release|Any CPU.ActiveCfg = Release|Any CPU
		{B58BC7C6-964A-5D9A-903C-CD36EAA37D17}.Release|Any CPU.Build.0 = Release|Any CPU
		{16B74C7F-CB33-CAE9-C24D-4693EA10E168}.Debug|Any CPU.ActiveCfg = Debug|Any CPU
		{16B74C7F-CB33-CAE9-C24D-4693EA10E168}.Debug|Any CPU.Build.0 = Debug|Any CPU
		{16B74C7F-CB33-CAE9-C24D-4693EA10E168}.Release|Any CPU.ActiveCfg = Release|Any CPU
		{16B74C7F-CB33-CAE9-C24D-4693EA10E168}.Release|Any CPU.Build.0 = Release|Any CPU
	EndGlobalSection
	GlobalSection(SolutionProperties) = preSolution
		HideSolutionNode = FALSE
	EndGlobalSection
																				GlobalSection(MonoDevelopProperties) = preSolution
		StartupItem = Assembly-CSharp.csproj
		Policies = $0
		$0.TextStylePolicy = $1
		$1.inheritsSet = null
		$1.scope = text/x-csharp
		$0.CSharpFormattingPolicy = $2
		$2.inheritsSet = Mono
		$2.inheritsScope = text/x-csharp
		$2.scope = text/x-csharp
		$0.TextStylePolicy = $3
		$3.FileWidth = 120
		$3.TabWidth = 4
		$3.EolMarker = Unix
		$3.inheritsSet = Mono
		$3.inheritsScope = text/plain
		$3.scope = text/plain
	EndGlobalSection

EndGlobal
