Microsoft Visual Studio Solution File, Format Version 11.00
# Visual Studio 2008

Project("{CB0C05F4-2987-1A03-3AB5-A80FEAA05EC4}") = "Frog Escape", "Assembly-CSharp-firstpass-vs.csproj", "{57602772-FB73-C9E5-44AF-8EC919A7A85B}"
EndProject
Project("{CB0C05F4-2987-1A03-3AB5-A80FEAA05EC4}") = "Frog Escape", "Assembly-CSharp-vs.csproj", "{D1EC4FEC-0A75-FFC1-89D9-F907D8434342}"
EndProject
Global
	GlobalSection(SolutionConfigurationPlatforms) = preSolution
		Debug|Any CPU = Debug|Any CPU
		Release|Any CPU = Release|Any CPU
	EndGlobalSection
	GlobalSection(ProjectConfigurationPlatforms) = postSolution
		{57602772-FB73-C9E5-44AF-8EC919A7A85B}.Debug|Any CPU.ActiveCfg = Debug|Any CPU
		{57602772-FB73-C9E5-44AF-8EC919A7A85B}.Debug|Any CPU.Build.0 = Debug|Any CPU
		{57602772-FB73-C9E5-44AF-8EC919A7A85B}.Release|Any CPU.ActiveCfg = Release|Any CPU
		{57602772-FB73-C9E5-44AF-8EC919A7A85B}.Release|Any CPU.Build.0 = Release|Any CPU
		{D1EC4FEC-0A75-FFC1-89D9-F907D8434342}.Debug|Any CPU.ActiveCfg = Debug|Any CPU
		{D1EC4FEC-0A75-FFC1-89D9-F907D8434342}.Debug|Any CPU.Build.0 = Debug|Any CPU
		{D1EC4FEC-0A75-FFC1-89D9-F907D8434342}.Release|Any CPU.ActiveCfg = Release|Any CPU
		{D1EC4FEC-0A75-FFC1-89D9-F907D8434342}.Release|Any CPU.Build.0 = Release|Any CPU
	EndGlobalSection
	GlobalSection(SolutionProperties) = preSolution
		HideSolutionNode = FALSE
	EndGlobalSection
																																																																																																					GlobalSection(MonoDevelopProperties) = preSolution
		StartupItem = Assembly-CSharp.csproj
		Policies = $0
		$0.TextStylePolicy = $1
		$1.inheritsSet = null
		$1.scope = text/x-csharp
		$0.CSharpFormattingPolicy = $2
		$2.inheritsSet = Mono
		$2.inheritsScope = text/x-csharp
		$2.scope = text/x-csharp
		$0.TextStylePolicy = $3
		$3.FileWidth = 120
		$3.TabWidth = 4
		$3.EolMarker = Unix
		$3.inheritsSet = Mono
		$3.inheritsScope = text/plain
		$3.scope = text/plain
	EndGlobalSection

EndGlobal
