Microsoft Visual Studio Solution File, Format Version 11.00
# Visual Studio 2008

Project("{83B05098-F820-4BC2-FE3D-7D7571E171FA}") = "Frog Escape_Unity_05232014", "Assembly-CSharp-firstpass-vs.csproj", "{401913A1-AA6A-3F76-A50A-29D352C0B224}"
EndProject
Project("{83B05098-F820-4BC2-FE3D-7D7571E171FA}") = "Frog Escape_Unity_05232014", "Assembly-CSharp-vs.csproj", "{792025B7-732B-887A-B977-45C69A3B832C}"
EndProject
Global
	GlobalSection(SolutionConfigurationPlatforms) = preSolution
		Debug|Any CPU = Debug|Any CPU
		Release|Any CPU = Release|Any CPU
	EndGlobalSection
	GlobalSection(ProjectConfigurationPlatforms) = postSolution
		{401913A1-AA6A-3F76-A50A-29D352C0B224}.Debug|Any CPU.ActiveCfg = Debug|Any CPU
		{401913A1-AA6A-3F76-A50A-29D352C0B224}.Debug|Any CPU.Build.0 = Debug|Any CPU
		{401913A1-AA6A-3F76-A50A-29D352C0B224}.Release|Any CPU.ActiveCfg = Release|Any CPU
		{401913A1-AA6A-3F76-A50A-29D352C0B224}.Release|Any CPU.Build.0 = Release|Any CPU
		{792025B7-732B-887A-B977-45C69A3B832C}.Debug|Any CPU.ActiveCfg = Debug|Any CPU
		{792025B7-732B-887A-B977-45C69A3B832C}.Debug|Any CPU.Build.0 = Debug|Any CPU
		{792025B7-732B-887A-B977-45C69A3B832C}.Release|Any CPU.ActiveCfg = Release|Any CPU
		{792025B7-732B-887A-B977-45C69A3B832C}.Release|Any CPU.Build.0 = Release|Any CPU
	EndGlobalSection
	GlobalSection(SolutionProperties) = preSolution
		HideSolutionNode = FALSE
	EndGlobalSection
									GlobalSection(MonoDevelopProperties) = preSolution
		StartupItem = Assembly-CSharp.csproj
		Policies = $0
		$0.TextStylePolicy = $1
		$1.inheritsSet = null
		$1.scope = text/x-csharp
		$0.CSharpFormattingPolicy = $2
		$2.inheritsSet = Mono
		$2.inheritsScope = text/x-csharp
		$2.scope = text/x-csharp
		$0.TextStylePolicy = $3
		$3.FileWidth = 120
		$3.TabWidth = 4
		$3.EolMarker = Unix
		$3.inheritsSet = Mono
		$3.inheritsScope = text/plain
		$3.scope = text/plain
	EndGlobalSection

EndGlobal
